{
  "name": "jasonelle-js",
  "version": "0.0.1",
  "lockfileVersion": 1,
  "requires": true,
  "dependencies": {
    "@schemastore/jasonette": {
      "version": "0.0.3",
      "resolved": "https://registry.npmjs.org/@schemastore/jasonette/-/jasonette-0.0.3.tgz",
      "integrity": "sha512-z8WjslJzMnVaOpe1bz56SzLUW/h1rRBlF5HhGKSMan5jOpgkh/odS0QmshfZcJ8Ss0ey7nUds8bXdPlQxQq+vQ=="
    },
    "@types/node": {
      "version": "13.13.2",
      "resolved": "https://registry.npmjs.org/@types/node/-/node-13.13.2.tgz",
      "integrity": "sha512-LB2R1Oyhpg8gu4SON/mfforE525+Hi/M1ineICEDftqNVTyFg1aRIeGuTvXAoWHc4nbrFncWtJgMmoyRvuGh7A==",
      "dev": true
    },
    "jsonschema": {
      "version": "1.2.6",
      "resolved": "https://registry.npmjs.org/jsonschema/-/jsonschema-1.2.6.tgz",
      "integrity": "sha512-SqhURKZG07JyKKeo/ir24QnS4/BV7a6gQy93bUSe4lUdNp0QNpIz2c9elWJQ9dpc5cQYY6cvCzgRwy0MQCLyqA=="
    }
  }
}
